
Microsoft Visual Studio Solution File, Format Version 12.00
# Visual Studio Version 16
VisualStudioVersion = 16.0.30104.148
MinimumVisualStudioVersion = 10.0.40219.1
Project("{FAE04EC0-301F-11D3-BF4B-00C04F79EFBC}") = "ConsoleApp3", "ConsoleApp3\ConsoleApp3.csproj", "{0B8A5A38-091C-46D3-BD31-7ABE2CB5FB74}"
EndProject
Global
	GlobalSection(SolutionConfigurationPlatforms) = preSolution
		Debug|Any CPU = Debug|Any CPU
		Release|Any CPU = Release|Any CPU
	EndGlobalSection
	GlobalSection(ProjectConfigurationPlatforms) = postSolution
		{0B8A5A38-091C-46D3-BD31-7ABE2CB5FB74}.Debug|Any CPU.ActiveCfg = Debug|Any CPU
		{0B8A5A38-091C-46D3-BD31-7ABE2CB5FB74}.Debug|Any CPU.Build.0 = Debug|Any CPU
		{0B8A5A38-091C-46D3-BD31-7ABE2CB5FB74}.Release|Any CPU.ActiveCfg = Release|Any CPU
		{0B8A5A38-091C-46D3-BD31-7ABE2CB5FB74}.Release|Any CPU.Build.0 = Release|Any CPU
	EndGlobalSection
	GlobalSection(SolutionProperties) = preSolution
		HideSolutionNode = FALSE
	EndGlobalSection
	GlobalSection(ExtensibilityGlobals) = postSolution
		SolutionGuid = {665D84E3-9D37-4884-BDD1-D1F1FC1A6D9F}
	EndGlobalSection
EndGlobal
